
Microsoft Visual Studio Solution File, Format Version 12.00
# Visual Studio Version 17
VisualStudioVersion = 17.0.31903.59
MinimumVisualStudioVersion = 10.0.40219.1
Project("{FAE04EC0-301F-11D3-BF4B-00C04F79EFBC}") = "MinAPIClient.App", "MinAPIClient.App\MinAPIClient.App.csproj", "{366D55E8-DE05-4E44-9BA0-065096B22E97}"
EndProject
Project("{9A19103F-16F7-4668-BE54-9A1E7A4F7556}") = "MinAPIClient.Logic", "MinAPIClient.Logic\MinAPIClient.Logic.csproj", "{208F58CA-4EED-44A8-BF5F-8414EE64BD63}"
EndProject
Global
	GlobalSection(SolutionConfigurationPlatforms) = preSolution
		Debug|Any CPU = Debug|Any CPU
		Release|Any CPU = Release|Any CPU
	EndGlobalSection
	GlobalSection(ProjectConfigurationPlatforms) = postSolution
		{366D55E8-DE05-4E44-9BA0-065096B22E97}.Debug|Any CPU.ActiveCfg = Debug|Any CPU
		{366D55E8-DE05-4E44-9BA0-065096B22E97}.Debug|Any CPU.Build.0 = Debug|Any CPU
		{366D55E8-DE05-4E44-9BA0-065096B22E97}.Release|Any CPU.ActiveCfg = Release|Any CPU
		{366D55E8-DE05-4E44-9BA0-065096B22E97}.Release|Any CPU.Build.0 = Release|Any CPU
		{208F58CA-4EED-44A8-BF5F-8414EE64BD63}.Debug|Any CPU.ActiveCfg = Debug|Any CPU
		{208F58CA-4EED-44A8-BF5F-8414EE64BD63}.Debug|Any CPU.Build.0 = Debug|Any CPU
		{208F58CA-4EED-44A8-BF5F-8414EE64BD63}.Release|Any CPU.ActiveCfg = Release|Any CPU
		{208F58CA-4EED-44A8-BF5F-8414EE64BD63}.Release|Any CPU.Build.0 = Release|Any CPU
	EndGlobalSection
	GlobalSection(SolutionProperties) = preSolution
		HideSolutionNode = FALSE
	EndGlobalSection
	GlobalSection(ExtensibilityGlobals) = postSolution
		SolutionGuid = {23405A21-4FF1-4E37-9F2A-4875098C152F}
	EndGlobalSection
EndGlobal
